
Microsoft Visual Studio Solution File, Format Version 12.00
# Visual Studio Version 17
VisualStudioVersion = 17.14.37531.7
MinimumVisualStudioVersion = 10.0.40219.1
Project("{2150E333-8FDC-42A3-9474-1A3956D46DE8}") = "Backend_AuctionNow", "Backend_AuctionNow", "{02EA681E-C7D8-13C7-8484-4AC65E1B71E8}"
EndProject
Project("{2150E333-8FDC-42A3-9474-1A3956D46DE8}") = "Frontend_AuctionNow", "Frontend_AuctionNow", "{67207007-9B5D-4C49-80C9-1B83946269E9}"
EndProject
Project("{FAE04EC0-301F-11D3-BF4B-00C04F79EFBC}") = "Application", "Backend_AuctionNow\Application\Application.csproj", "{59FF0BF7-0149-737F-1C00-E2D72DB67D93}"
EndProject
Project("{FAE04EC0-301F-11D3-BF4B-00C04F79EFBC}") = "AuctionNow", "Backend_AuctionNow\AuctionNow\AuctionNow.csproj", "{F21B9D57-1730-4B3E-600C-90CC4B4EB553}"
EndProject
Project("{FAE04EC0-301F-11D3-BF4B-00C04F79EFBC}") = "Domain", "Backend_AuctionNow\Domain\Domain.csproj", "{968F5BD8-152E-2E7C-BA52-D18EE9A183D4}"
EndProject
Project("{FAE04EC0-301F-11D3-BF4B-00C04F79EFBC}") = "Infrastructure", "Backend_AuctionNow\Infrastructure\Infrastructure.csproj", "{559B9774-D5C7-D7E6-2425-2B782FC6BBC7}"
EndProject
Project("{FAE04EC0-301F-11D3-BF4B-00C04F79EFBC}") = "Front_AuctionNow", "Frontend_AuctionNow\Front_AuctionNow\Front_AuctionNow.csproj", "{5CD22A2E-C157-D6A0-49B1-29ACCB950423}"
EndProject
Global
	GlobalSection(SolutionConfigurationPlatforms) = preSolution
		Debug|Any CPU = Debug|Any CPU
		Release|Any CPU = Release|Any CPU
	EndGlobalSection
	GlobalSection(ProjectConfigurationPlatforms) = postSolution
		{59FF0BF7-0149-737F-1C00-E2D72DB67D93}.Debug|Any CPU.ActiveCfg = Debug|Any CPU
		{59FF0BF7-0149-737F-1C00-E2D72DB67D93}.Debug|Any CPU.Build.0 = Debug|Any CPU
		{59FF0BF7-0149-737F-1C00-E2D72DB67D93}.Release|Any CPU.ActiveCfg = Release|Any CPU
		{59FF0BF7-0149-737F-1C00-E2D72DB67D93}.Release|Any CPU.Build.0 = Release|Any CPU
		{F21B9D57-1730-4B3E-600C-90CC4B4EB553}.Debug|Any CPU.ActiveCfg = Debug|Any CPU
		{F21B9D57-1730-4B3E-600C-90CC4B4EB553}.Debug|Any CPU.Build.0 = Debug|Any CPU
		{F21B9D57-1730-4B3E-600C-90CC4B4EB553}.Release|Any CPU.ActiveCfg = Release|Any CPU
		{F21B9D57-1730-4B3E-600C-90CC4B4EB553}.Release|Any CPU.Build.0 = Release|Any CPU
		{968F5BD8-152E-2E7C-BA52-D18EE9A183D4}.Debug|Any CPU.ActiveCfg = Debug|Any CPU
		{968F5BD8-152E-2E7C-BA52-D18EE9A183D4}.Debug|Any CPU.Build.0 = Debug|Any CPU
		{968F5BD8-152E-2E7C-BA52-D18EE9A183D4}.Release|Any CPU.ActiveCfg = Release|Any CPU
		{968F5BD8-152E-2E7C-BA52-D18EE9A183D4}.Release|Any CPU.Build.0 = Release|Any CPU
		{559B9774-D5C7-D7E6-2425-2B782FC6BBC7}.Debug|Any CPU.ActiveCfg = Debug|Any CPU
		{559B9774-D5C7-D7E6-2425-2B782FC6BBC7}.Debug|Any CPU.Build.0 = Debug|Any CPU
		{559B9774-D5C7-D7E6-2425-2B782FC6BBC7}.Release|Any CPU.ActiveCfg = Release|Any CPU
		{559B9774-D5C7-D7E6-2425-2B782FC6BBC7}.Release|Any CPU.Build.0 = Release|Any CPU
		{5CD22A2E-C157-D6A0-49B1-29ACCB950423}.Debug|Any CPU.ActiveCfg = Debug|Any CPU
		{5CD22A2E-C157-D6A0-49B1-29ACCB950423}.Debug|Any CPU.Build.0 = Debug|Any CPU
		{5CD22A2E-C157-D6A0-49B1-29ACCB950423}.Release|Any CPU.ActiveCfg = Release|Any CPU
		{5CD22A2E-C157-D6A0-49B1-29ACCB950423}.Release|Any CPU.Build.0 = Release|Any CPU
	EndGlobalSection
	GlobalSection(SolutionProperties) = preSolution
		HideSolutionNode = FALSE
	EndGlobalSection
	GlobalSection(NestedProjects) = preSolution
		{59FF0BF7-0149-737F-1C00-E2D72DB67D93} = {02EA681E-C7D8-13C7-8484-4AC65E1B71E8}
		{F21B9D57-1730-4B3E-600C-90CC4B4EB553} = {02EA681E-C7D8-13C7-8484-4AC65E1B71E8}
		{968F5BD8-152E-2E7C-BA52-D18EE9A183D4} = {02EA681E-C7D8-13C7-8484-4AC65E1B71E8}
		{559B9774-D5C7-D7E6-2425-2B782FC6BBC7} = {02EA681E-C7D8-13C7-8484-4AC65E1B71E8}
		{5CD22A2E-C157-D6A0-49B1-29ACCB950423} = {67207007-9B5D-4C49-80C9-1B83946269E9}
	EndGlobalSection
	GlobalSection(ExtensibilityGlobals) = postSolution
		SolutionGuid = {079A674B-570D-4E15-9EC8-E03BA9508EF6}
	EndGlobalSection
EndGlobal
